
Microsoft Visual Studio Solution File, Format Version 12.00
# Visual Studio Version 17
VisualStudioVersion = 17.0.31808.319
MinimumVisualStudioVersion = 10.0.40219.1
Project("{2150E333-8FDC-42A3-9474-1A3956D46DE8}") = "Services", "Services", "{E1375F24-4C70-486B-87CB-0A3B03F2072F}"
EndProject
Project("{2150E333-8FDC-42A3-9474-1A3956D46DE8}") = "Catalog", "Catalog", "{661B8F07-44F3-4D4E-B5E4-61187ED28CAA}"
EndProject
Project("{9A19103F-16F7-4668-BE54-9A1E7A4F7556}") = "Catalog.API", "Services\Catalog\Catalog.API\Catalog.API.csproj", "{59E22C59-4CEA-4085-AE7C-DAFB9A2DCA39}"
EndProject
Project("{E53339B2-1760-4266-BCC7-CA923CBCF16C}") = "docker-compose", "docker-compose.dcproj", "{7899E0EA-C261-4066-8CE8-E570221020B7}"
EndProject
Project("{2150E333-8FDC-42A3-9474-1A3956D46DE8}") = "Basket", "Basket", "{8EF14480-4CFB-4699-9994-815B32C54BD5}"
EndProject
Project("{9A19103F-16F7-4668-BE54-9A1E7A4F7556}") = "Basket.API", "Services\Basket\Basket.API\Basket.API.csproj", "{92A694A9-9C98-438D-B369-BF15F85B7BFC}"
EndProject
Project("{2150E333-8FDC-42A3-9474-1A3956D46DE8}") = "Discount", "Discount", "{82666731-CBD5-44EC-9DD7-33FA86D45698}"
EndProject
Project("{9A19103F-16F7-4668-BE54-9A1E7A4F7556}") = "Discount.API", "Services\Discount\Discount.API\Discount.API.csproj", "{20FAD894-AAC2-471D-9E5B-D0CE3DECB86D}"
EndProject
Project("{9A19103F-16F7-4668-BE54-9A1E7A4F7556}") = "Discount.Grpc", "Services\Discount\Discount.Grpc\Discount.Grpc.csproj", "{BDF96078-C3A8-476A-9A2F-701DC2BA302E}"
EndProject
Project("{2150E333-8FDC-42A3-9474-1A3956D46DE8}") = "Ordering", "Ordering", "{8646C565-23CA-41F1-A21C-EA0205C83EF5}"
EndProject
Project("{FAE04EC0-301F-11D3-BF4B-00C04F79EFBC}") = "Ordering.Domain", "Services\Ordering\Ordering.Domain\Ordering.Domain.csproj", "{A1B6ED73-488A-4A29-AAAD-10F3E8DE65DB}"
EndProject
Project("{FAE04EC0-301F-11D3-BF4B-00C04F79EFBC}") = "Ordering.API", "Services\Ordering\Ordering.API\Ordering.API.csproj", "{611CA6C6-D89C-4268-AA14-6878C799B47B}"
EndProject
Project("{FAE04EC0-301F-11D3-BF4B-00C04F79EFBC}") = "Ordering.Application", "Services\Ordering\Ordering.Application\Ordering.Application.csproj", "{AB78B10A-2F65-4FF3-A2A3-10C96B5437A2}"
EndProject
Project("{FAE04EC0-301F-11D3-BF4B-00C04F79EFBC}") = "Ordering.Infrastructure", "Services\Ordering\Ordering.Infrastructure\Ordering.Infrastructure.csproj", "{6B52F404-781E-4D6F-A697-C96E08ACFB9A}"
EndProject
Global
	GlobalSection(SolutionConfigurationPlatforms) = preSolution
		Debug|Any CPU = Debug|Any CPU
		Release|Any CPU = Release|Any CPU
	EndGlobalSection
	GlobalSection(ProjectConfigurationPlatforms) = postSolution
		{59E22C59-4CEA-4085-AE7C-DAFB9A2DCA39}.Debug|Any CPU.ActiveCfg = Debug|Any CPU
		{59E22C59-4CEA-4085-AE7C-DAFB9A2DCA39}.Debug|Any CPU.Build.0 = Debug|Any CPU
		{59E22C59-4CEA-4085-AE7C-DAFB9A2DCA39}.Release|Any CPU.ActiveCfg = Release|Any CPU
		{59E22C59-4CEA-4085-AE7C-DAFB9A2DCA39}.Release|Any CPU.Build.0 = Release|Any CPU
		{7899E0EA-C261-4066-8CE8-E570221020B7}.Debug|Any CPU.ActiveCfg = Debug|Any CPU
		{7899E0EA-C261-4066-8CE8-E570221020B7}.Debug|Any CPU.Build.0 = Debug|Any CPU
		{7899E0EA-C261-4066-8CE8-E570221020B7}.Release|Any CPU.ActiveCfg = Release|Any CPU
		{7899E0EA-C261-4066-8CE8-E570221020B7}.Release|Any CPU.Build.0 = Release|Any CPU
		{92A694A9-9C98-438D-B369-BF15F85B7BFC}.Debug|Any CPU.ActiveCfg = Debug|Any CPU
		{92A694A9-9C98-438D-B369-BF15F85B7BFC}.Debug|Any CPU.Build.0 = Debug|Any CPU
		{92A694A9-9C98-438D-B369-BF15F85B7BFC}.Release|Any CPU.ActiveCfg = Release|Any CPU
		{92A694A9-9C98-438D-B369-BF15F85B7BFC}.Release|Any CPU.Build.0 = Release|Any CPU
		{20FAD894-AAC2-471D-9E5B-D0CE3DECB86D}.Debug|Any CPU.ActiveCfg = Debug|Any CPU
		{20FAD894-AAC2-471D-9E5B-D0CE3DECB86D}.Debug|Any CPU.Build.0 = Debug|Any CPU
		{20FAD894-AAC2-471D-9E5B-D0CE3DECB86D}.Release|Any CPU.ActiveCfg = Release|Any CPU
		{20FAD894-AAC2-471D-9E5B-D0CE3DECB86D}.Release|Any CPU.Build.0 = Release|Any CPU
		{BDF96078-C3A8-476A-9A2F-701DC2BA302E}.Debug|Any CPU.ActiveCfg = Debug|Any CPU
		{BDF96078-C3A8-476A-9A2F-701DC2BA302E}.Debug|Any CPU.Build.0 = Debug|Any CPU
		{BDF96078-C3A8-476A-9A2F-701DC2BA302E}.Release|Any CPU.ActiveCfg = Release|Any CPU
		{BDF96078-C3A8-476A-9A2F-701DC2BA302E}.Release|Any CPU.Build.0 = Release|Any CPU
		{A1B6ED73-488A-4A29-AAAD-10F3E8DE65DB}.Debug|Any CPU.ActiveCfg = Debug|Any CPU
		{A1B6ED73-488A-4A29-AAAD-10F3E8DE65DB}.Debug|Any CPU.Build.0 = Debug|Any CPU
		{A1B6ED73-488A-4A29-AAAD-10F3E8DE65DB}.Release|Any CPU.ActiveCfg = Release|Any CPU
		{A1B6ED73-488A-4A29-AAAD-10F3E8DE65DB}.Release|Any CPU.Build.0 = Release|Any CPU
		{611CA6C6-D89C-4268-AA14-6878C799B47B}.Debug|Any CPU.ActiveCfg = Debug|Any CPU
		{611CA6C6-D89C-4268-AA14-6878C799B47B}.Debug|Any CPU.Build.0 = Debug|Any CPU
		{611CA6C6-D89C-4268-AA14-6878C799B47B}.Release|Any CPU.ActiveCfg = Release|Any CPU
		{611CA6C6-D89C-4268-AA14-6878C799B47B}.Release|Any CPU.Build.0 = Release|Any CPU
		{AB78B10A-2F65-4FF3-A2A3-10C96B5437A2}.Debug|Any CPU.ActiveCfg = Debug|Any CPU
		{AB78B10A-2F65-4FF3-A2A3-10C96B5437A2}.Debug|Any CPU.Build.0 = Debug|Any CPU
		{AB78B10A-2F65-4FF3-A2A3-10C96B5437A2}.Release|Any CPU.ActiveCfg = Release|Any CPU
		{AB78B10A-2F65-4FF3-A2A3-10C96B5437A2}.Release|Any CPU.Build.0 = Release|Any CPU
		{6B52F404-781E-4D6F-A697-C96E08ACFB9A}.Debug|Any CPU.ActiveCfg = Debug|Any CPU
		{6B52F404-781E-4D6F-A697-C96E08ACFB9A}.Debug|Any CPU.Build.0 = Debug|Any CPU
		{6B52F404-781E-4D6F-A697-C96E08ACFB9A}.Release|Any CPU.ActiveCfg = Release|Any CPU
		{6B52F404-781E-4D6F-A697-C96E08ACFB9A}.Release|Any CPU.Build.0 = Release|Any CPU
	EndGlobalSection
	GlobalSection(SolutionProperties) = preSolution
		HideSolutionNode = FALSE
	EndGlobalSection
	GlobalSection(NestedProjects) = preSolution
		{661B8F07-44F3-4D4E-B5E4-61187ED28CAA} = {E1375F24-4C70-486B-87CB-0A3B03F2072F}
		{59E22C59-4CEA-4085-AE7C-DAFB9A2DCA39} = {661B8F07-44F3-4D4E-B5E4-61187ED28CAA}
		{8EF14480-4CFB-4699-9994-815B32C54BD5} = {E1375F24-4C70-486B-87CB-0A3B03F2072F}
		{92A694A9-9C98-438D-B369-BF15F85B7BFC} = {8EF14480-4CFB-4699-9994-815B32C54BD5}
		{82666731-CBD5-44EC-9DD7-33FA86D45698} = {E1375F24-4C70-486B-87CB-0A3B03F2072F}
		{20FAD894-AAC2-471D-9E5B-D0CE3DECB86D} = {82666731-CBD5-44EC-9DD7-33FA86D45698}
		{BDF96078-C3A8-476A-9A2F-701DC2BA302E} = {82666731-CBD5-44EC-9DD7-33FA86D45698}
		{8646C565-23CA-41F1-A21C-EA0205C83EF5} = {E1375F24-4C70-486B-87CB-0A3B03F2072F}
		{A1B6ED73-488A-4A29-AAAD-10F3E8DE65DB} = {8646C565-23CA-41F1-A21C-EA0205C83EF5}
		{611CA6C6-D89C-4268-AA14-6878C799B47B} = {8646C565-23CA-41F1-A21C-EA0205C83EF5}
		{AB78B10A-2F65-4FF3-A2A3-10C96B5437A2} = {8646C565-23CA-41F1-A21C-EA0205C83EF5}
		{6B52F404-781E-4D6F-A697-C96E08ACFB9A} = {8646C565-23CA-41F1-A21C-EA0205C83EF5}
	EndGlobalSection
	GlobalSection(ExtensibilityGlobals) = postSolution
		SolutionGuid = {1AB1E95C-FB38-4FE5-A463-3A25B3EA4532}
	EndGlobalSection
EndGlobal
