
Microsoft Visual Studio Solution File, Format Version 12.00
# Visual Studio Version 16
VisualStudioVersion = 16.0.31410.357
MinimumVisualStudioVersion = 10.0.40219.1
Project("{2150E333-8FDC-42A3-9474-1A3956D46DE8}") = "Services", "Services", "{E1375F24-4C70-486B-87CB-0A3B03F2072F}"
EndProject
Project("{2150E333-8FDC-42A3-9474-1A3956D46DE8}") = "Catalog", "Catalog", "{661B8F07-44F3-4D4E-B5E4-61187ED28CAA}"
EndProject
Project("{9A19103F-16F7-4668-BE54-9A1E7A4F7556}") = "Catalog.API", "Services\Catalog\Catalog.API\Catalog.API.csproj", "{59E22C59-4CEA-4085-AE7C-DAFB9A2DCA39}"
EndProject
Project("{E53339B2-1760-4266-BCC7-CA923CBCF16C}") = "docker-compose", "docker-compose.dcproj", "{7899E0EA-C261-4066-8CE8-E570221020B7}"
EndProject
Project("{2150E333-8FDC-42A3-9474-1A3956D46DE8}") = "Basket", "Basket", "{8EF14480-4CFB-4699-9994-815B32C54BD5}"
EndProject
Project("{9A19103F-16F7-4668-BE54-9A1E7A4F7556}") = "Basket.API", "Services\Basket\Basket.API\Basket.API.csproj", "{92A694A9-9C98-438D-B369-BF15F85B7BFC}"
EndProject
Project("{2150E333-8FDC-42A3-9474-1A3956D46DE8}") = "Discount", "Discount", "{82666731-CBD5-44EC-9DD7-33FA86D45698}"
EndProject
Project("{FAE04EC0-301F-11D3-BF4B-00C04F79EFBC}") = "Discount.API", "Services\Discount\Discount.API\Discount.API.csproj", "{20FAD894-AAC2-471D-9E5B-D0CE3DECB86D}"
EndProject
Global
	GlobalSection(SolutionConfigurationPlatforms) = preSolution
		Debug|Any CPU = Debug|Any CPU
		Release|Any CPU = Release|Any CPU
	EndGlobalSection
	GlobalSection(ProjectConfigurationPlatforms) = postSolution
		{59E22C59-4CEA-4085-AE7C-DAFB9A2DCA39}.Debug|Any CPU.ActiveCfg = Debug|Any CPU
		{59E22C59-4CEA-4085-AE7C-DAFB9A2DCA39}.Debug|Any CPU.Build.0 = Debug|Any CPU
		{59E22C59-4CEA-4085-AE7C-DAFB9A2DCA39}.Release|Any CPU.ActiveCfg = Release|Any CPU
		{59E22C59-4CEA-4085-AE7C-DAFB9A2DCA39}.Release|Any CPU.Build.0 = Release|Any CPU
		{7899E0EA-C261-4066-8CE8-E570221020B7}.Debug|Any CPU.ActiveCfg = Debug|Any CPU
		{7899E0EA-C261-4066-8CE8-E570221020B7}.Debug|Any CPU.Build.0 = Debug|Any CPU
		{7899E0EA-C261-4066-8CE8-E570221020B7}.Release|Any CPU.ActiveCfg = Release|Any CPU
		{7899E0EA-C261-4066-8CE8-E570221020B7}.Release|Any CPU.Build.0 = Release|Any CPU
		{92A694A9-9C98-438D-B369-BF15F85B7BFC}.Debug|Any CPU.ActiveCfg = Debug|Any CPU
		{92A694A9-9C98-438D-B369-BF15F85B7BFC}.Debug|Any CPU.Build.0 = Debug|Any CPU
		{92A694A9-9C98-438D-B369-BF15F85B7BFC}.Release|Any CPU.ActiveCfg = Release|Any CPU
		{92A694A9-9C98-438D-B369-BF15F85B7BFC}.Release|Any CPU.Build.0 = Release|Any CPU
		{20FAD894-AAC2-471D-9E5B-D0CE3DECB86D}.Debug|Any CPU.ActiveCfg = Debug|Any CPU
		{20FAD894-AAC2-471D-9E5B-D0CE3DECB86D}.Debug|Any CPU.Build.0 = Debug|Any CPU
		{20FAD894-AAC2-471D-9E5B-D0CE3DECB86D}.Release|Any CPU.ActiveCfg = Release|Any CPU
		{20FAD894-AAC2-471D-9E5B-D0CE3DECB86D}.Release|Any CPU.Build.0 = Release|Any CPU
	EndGlobalSection
	GlobalSection(SolutionProperties) = preSolution
		HideSolutionNode = FALSE
	EndGlobalSection
	GlobalSection(NestedProjects) = preSolution
		{661B8F07-44F3-4D4E-B5E4-61187ED28CAA} = {E1375F24-4C70-486B-87CB-0A3B03F2072F}
		{59E22C59-4CEA-4085-AE7C-DAFB9A2DCA39} = {661B8F07-44F3-4D4E-B5E4-61187ED28CAA}
		{8EF14480-4CFB-4699-9994-815B32C54BD5} = {E1375F24-4C70-486B-87CB-0A3B03F2072F}
		{92A694A9-9C98-438D-B369-BF15F85B7BFC} = {8EF14480-4CFB-4699-9994-815B32C54BD5}
		{82666731-CBD5-44EC-9DD7-33FA86D45698} = {E1375F24-4C70-486B-87CB-0A3B03F2072F}
		{20FAD894-AAC2-471D-9E5B-D0CE3DECB86D} = {82666731-CBD5-44EC-9DD7-33FA86D45698}
	EndGlobalSection
	GlobalSection(ExtensibilityGlobals) = postSolution
		SolutionGuid = {1AB1E95C-FB38-4FE5-A463-3A25B3EA4532}
	EndGlobalSection
EndGlobal
